
Microsoft Visual Studio Solution File, Format Version 12.00
# Visual Studio 15
VisualStudioVersion = 15.0.28307.329
MinimumVisualStudioVersion = 10.0.40219.1
Project("{FAE04EC0-301F-11D3-BF4B-00C04F79EFBC}") = "BowlingGroup2", "BowlingGroup2\BowlingGroup2.csproj", "{0A239C56-63FE-4487-9084-166EDABFFE1B}"
EndProject
Global
	GlobalSection(SolutionConfigurationPlatforms) = preSolution
		Debug|Any CPU = Debug|Any CPU
		Release|Any CPU = Release|Any CPU
	EndGlobalSection
	GlobalSection(ProjectConfigurationPlatforms) = postSolution
		{0A239C56-63FE-4487-9084-166EDABFFE1B}.Debug|Any CPU.ActiveCfg = Debug|Any CPU
		{0A239C56-63FE-4487-9084-166EDABFFE1B}.Debug|Any CPU.Build.0 = Debug|Any CPU
		{0A239C56-63FE-4487-9084-166EDABFFE1B}.Release|Any CPU.ActiveCfg = Release|Any CPU
		{0A239C56-63FE-4487-9084-166EDABFFE1B}.Release|Any CPU.Build.0 = Release|Any CPU
	EndGlobalSection
	GlobalSection(SolutionProperties) = preSolution
		HideSolutionNode = FALSE
	EndGlobalSection
	GlobalSection(ExtensibilityGlobals) = postSolution
		SolutionGuid = {0F449B7C-AD0C-45C3-94B4-D3D401ECB8CD}
	EndGlobalSection
EndGlobal
